
Microsoft Visual Studio Solution File, Format Version 12.00
# Visual Studio 15
VisualStudioVersion = 15.0.27703.2035
MinimumVisualStudioVersion = 10.0.40219.1
Project("{F2A71F9B-5D33-465A-A702-920D77279786}") = "FSharp423", "FSharp423\FSharp423.fsproj", "{22FE74AD-0828-4FBE-94E1-46F7190A3EC4}"
EndProject
Project("{F2A71F9B-5D33-465A-A702-920D77279786}") = "FSharp431", "FSharp431\FSharp431.fsproj", "{A3D69550-2FED-4BD2-AB23-167960CD05B8}"
EndProject
Project("{F2A71F9B-5D33-465A-A702-920D77279786}") = "FSharp452", "FSharp452\FSharp452.fsproj", "{FBCBCDA4-AE63-444E-A73F-F21ED5C278B7}"
EndProject
Global
	GlobalSection(SolutionConfigurationPlatforms) = preSolution
		Debug|Any CPU = Debug|Any CPU
		Release|Any CPU = Release|Any CPU
	EndGlobalSection
	GlobalSection(ProjectConfigurationPlatforms) = postSolution
		{22FE74AD-0828-4FBE-94E1-46F7190A3EC4}.Debug|Any CPU.ActiveCfg = Debug|Any CPU
		{22FE74AD-0828-4FBE-94E1-46F7190A3EC4}.Debug|Any CPU.Build.0 = Debug|Any CPU
		{22FE74AD-0828-4FBE-94E1-46F7190A3EC4}.Release|Any CPU.ActiveCfg = Release|Any CPU
		{22FE74AD-0828-4FBE-94E1-46F7190A3EC4}.Release|Any CPU.Build.0 = Release|Any CPU
		{A3D69550-2FED-4BD2-AB23-167960CD05B8}.Debug|Any CPU.ActiveCfg = Debug|Any CPU
		{A3D69550-2FED-4BD2-AB23-167960CD05B8}.Debug|Any CPU.Build.0 = Debug|Any CPU
		{A3D69550-2FED-4BD2-AB23-167960CD05B8}.Release|Any CPU.ActiveCfg = Release|Any CPU
		{A3D69550-2FED-4BD2-AB23-167960CD05B8}.Release|Any CPU.Build.0 = Release|Any CPU
		{FBCBCDA4-AE63-444E-A73F-F21ED5C278B7}.Debug|Any CPU.ActiveCfg = Debug|Any CPU
		{FBCBCDA4-AE63-444E-A73F-F21ED5C278B7}.Debug|Any CPU.Build.0 = Debug|Any CPU
		{FBCBCDA4-AE63-444E-A73F-F21ED5C278B7}.Release|Any CPU.ActiveCfg = Release|Any CPU
		{FBCBCDA4-AE63-444E-A73F-F21ED5C278B7}.Release|Any CPU.Build.0 = Release|Any CPU
	EndGlobalSection
	GlobalSection(SolutionProperties) = preSolution
		HideSolutionNode = FALSE
	EndGlobalSection
	GlobalSection(ExtensibilityGlobals) = postSolution
		SolutionGuid = {F64E814F-8D01-4D1D-A1AF-A40D53F916EE}
	EndGlobalSection
EndGlobal
